
Microsoft Visual Studio Solution File, Format Version 12.00
# Visual Studio Version 17
VisualStudioVersion = 17.8.34330.188
MinimumVisualStudioVersion = 10.0.40219.1
Project("{FAE04EC0-301F-11D3-BF4B-00C04F79EFBC}") = "RSM-Desktop", "RSM-Desktop\RSM-Desktop.csproj", "{76AF3B66-D8F2-4CCD-B5F2-209BD43FDBF2}"
EndProject
Global
	GlobalSection(SolutionConfigurationPlatforms) = preSolution
		Debug|Any CPU = Debug|Any CPU
		Release|Any CPU = Release|Any CPU
	EndGlobalSection
	GlobalSection(ProjectConfigurationPlatforms) = postSolution
		{76AF3B66-D8F2-4CCD-B5F2-209BD43FDBF2}.Debug|Any CPU.ActiveCfg = Debug|Any CPU
		{76AF3B66-D8F2-4CCD-B5F2-209BD43FDBF2}.Debug|Any CPU.Build.0 = Debug|Any CPU
		{76AF3B66-D8F2-4CCD-B5F2-209BD43FDBF2}.Release|Any CPU.ActiveCfg = Release|Any CPU
		{76AF3B66-D8F2-4CCD-B5F2-209BD43FDBF2}.Release|Any CPU.Build.0 = Release|Any CPU
	EndGlobalSection
	GlobalSection(SolutionProperties) = preSolution
		HideSolutionNode = FALSE
	EndGlobalSection
	GlobalSection(ExtensibilityGlobals) = postSolution
		SolutionGuid = {091CBA3C-030A-4314-9DA8-0E4CD7C2F454}
	EndGlobalSection
EndGlobal
